
Microsoft Visual Studio Solution File, Format Version 12.00
# Visual Studio Version 16
VisualStudioVersion = 16.0.30320.27
MinimumVisualStudioVersion = 10.0.40219.1
Project("{FAE04EC0-301F-11D3-BF4B-00C04F79EFBC}") = "PoliciesManager", "PoliciesManager.csproj", "{9EB7518B-2602-40C4-B0A7-1C91C947904F}"
EndProject
Global
	GlobalSection(SolutionConfigurationPlatforms) = preSolution
		Debug|Any CPU = Debug|Any CPU
		Release|Any CPU = Release|Any CPU
	EndGlobalSection
	GlobalSection(ProjectConfigurationPlatforms) = postSolution
		{9EB7518B-2602-40C4-B0A7-1C91C947904F}.Debug|Any CPU.ActiveCfg = Debug|Any CPU
		{9EB7518B-2602-40C4-B0A7-1C91C947904F}.Debug|Any CPU.Build.0 = Debug|Any CPU
		{9EB7518B-2602-40C4-B0A7-1C91C947904F}.Release|Any CPU.ActiveCfg = Release|Any CPU
		{9EB7518B-2602-40C4-B0A7-1C91C947904F}.Release|Any CPU.Build.0 = Release|Any CPU
	EndGlobalSection
	GlobalSection(SolutionProperties) = preSolution
		HideSolutionNode = FALSE
	EndGlobalSection
	GlobalSection(ExtensibilityGlobals) = postSolution
		SolutionGuid = {3FBF0BBF-5E4F-4792-8FE4-843F20D1E44E}
	EndGlobalSection
EndGlobal
