
Microsoft Visual Studio Solution File, Format Version 12.00
# Visual Studio Version 16
VisualStudioVersion = 16.0.30413.136
MinimumVisualStudioVersion = 10.0.40219.1
Project("{9A19103F-16F7-4668-BE54-9A1E7A4F7556}") = "Top_Secret", "Top_Secret\Top_Secret.csproj", "{A95032C0-3AE0-422A-8C6C-444620720510}"
EndProject
Global
	GlobalSection(SolutionConfigurationPlatforms) = preSolution
		Debug|Any CPU = Debug|Any CPU
		Release|Any CPU = Release|Any CPU
	EndGlobalSection
	GlobalSection(ProjectConfigurationPlatforms) = postSolution
		{A95032C0-3AE0-422A-8C6C-444620720510}.Debug|Any CPU.ActiveCfg = Debug|Any CPU
		{A95032C0-3AE0-422A-8C6C-444620720510}.Debug|Any CPU.Build.0 = Debug|Any CPU
		{A95032C0-3AE0-422A-8C6C-444620720510}.Release|Any CPU.ActiveCfg = Release|Any CPU
		{A95032C0-3AE0-422A-8C6C-444620720510}.Release|Any CPU.Build.0 = Release|Any CPU
	EndGlobalSection
	GlobalSection(SolutionProperties) = preSolution
		HideSolutionNode = FALSE
	EndGlobalSection
	GlobalSection(ExtensibilityGlobals) = postSolution
		SolutionGuid = {5880B7FB-287F-4113-B505-D1904E030837}
	EndGlobalSection
EndGlobal
