
Microsoft Visual Studio Solution File, Format Version 12.00
Project("{FAE04EC0-301F-11D3-BF4B-00C04F79EFBC}") = "Top_Secret", "Top_Secret\Top_Secret.csproj", "{A95032C0-3AE0-422A-8C6C-444620720510}"
EndProject
Global
	GlobalSection(SolutionConfigurationPlatforms) = preSolution
		Debug|Any CPU = Debug|Any CPU
		Release|Any CPU = Release|Any CPU
	EndGlobalSection
	GlobalSection(ProjectConfigurationPlatforms) = postSolution
		{A95032C0-3AE0-422A-8C6C-444620720510}.Debug|Any CPU.ActiveCfg = Debug|Any CPU
		{A95032C0-3AE0-422A-8C6C-444620720510}.Debug|Any CPU.Build.0 = Debug|Any CPU
		{A95032C0-3AE0-422A-8C6C-444620720510}.Release|Any CPU.ActiveCfg = Release|Any CPU
		{A95032C0-3AE0-422A-8C6C-444620720510}.Release|Any CPU.Build.0 = Release|Any CPU
	EndGlobalSection
EndGlobal
